<?xml version="1.0" encoding="utf-8"?>
<Project ToolsVersion="4.0" xmlns="http://schemas.microsoft.com/developer/msbuild/2003">
  <ItemGroup>
    <Filter Include="Source Files">
      <UniqueIdentifier>{4FC737F1-C7A5-4376-A066-2A32D752A2FF}</UniqueIdentifier>
      <Extensions>cpp;c;cc;cxx;def;odl;idl;hpj;bat;asm;asmx</Extensions>
    </Filter>
    <Filter Include="Header Files">
      <UniqueIdentifier>{93995380-89BD-4b04-88EB-625FBE52EBFB}</UniqueIdentifier>
      <Extensions>h;hpp;hxx;hm;inl;inc;xsd</Extensions>
    </Filter>
    <Filter Include="Resource Files">
      <UniqueIdentifier>{67DA6AB6-F800-4c08-8B7A-83BB121AAD01}</UniqueIdentifier>
      <Extensions>rc;ico;cur;bmp;dlg;rc2;rct;bin;rgs;gif;jpg;jpeg;jpe;resx;tiff;tif;png;wav;mfcribbon-ms</Extensions>
    </Filter>
  </ItemGroup>
  <ItemGroup>
    <ClInclude Include="WxIrrViewport.h">
      <Filter>Header Files</Filter>
    </ClInclude>
    <ClInclude Include="DefinitionsInclude.h">
      <Filter>Header Files</Filter>
    </ClInclude>
    <ClInclude Include="Include.h">
      <Filter>Header Files</Filter>
    </ClInclude>
    <ClInclude Include="IrrlichtEventReceiver.h">
      <Filter>Header Files</Filter>
    </ClInclude>
    <ClInclude Include="IrrlichtInclude.h">
      <Filter>Header Files</Filter>
    </ClInclude>
    <ClInclude Include="main.h">
      <Filter>Header Files</Filter>
    </ClInclude>
    <ClInclude Include="PhysicsHelperManager.h">
      <Filter>Header Files</Filter>
    </ClInclude>
    <ClInclude Include="resource.h">
      <Filter>Header Files</Filter>
    </ClInclude>
    <ClInclude Include="WxIrrKeyboardManager.h">
      <Filter>Header Files</Filter>
    </ClInclude>
    <ClInclude Include="WxIrrMainWindow.h">
      <Filter>Header Files</Filter>
    </ClInclude>
    <ClInclude Include="WxIrrRenderWindow.h">
      <Filter>Header Files</Filter>
    </ClInclude>
    <ClInclude Include="UI\CenterOfMass\CenterOfMassAddDialog.h">
      <Filter>Header Files</Filter>
    </ClInclude>
    <ClInclude Include="UI\CenterOfMass\CenterOfMassSideControl.h">
      <Filter>Header Files</Filter>
    </ClInclude>
    <ClInclude Include="UI\ChartFrame\ChartFrame.h">
      <Filter>Header Files</Filter>
    </ClInclude>
    <ClInclude Include="UI\Coulomb\CoulombAddDialog.h">
      <Filter>Header Files</Filter>
    </ClInclude>
    <ClInclude Include="UI\Coulomb\CoulombSideControl.h">
      <Filter>Header Files</Filter>
    </ClInclude>
    <ClInclude Include="UI\Graphing\GraphingPanel.h">
      <Filter>Header Files</Filter>
    </ClInclude>
    <ClInclude Include="UI\Gravitation\GravitationAddDialog.h">
      <Filter>Header Files</Filter>
    </ClInclude>
    <ClInclude Include="UI\Gravitation\GravitationSideControl.h">
      <Filter>Header Files</Filter>
    </ClInclude>
    <ClInclude Include="UI\Pendulum\PendulumAddDialog.h">
      <Filter>Header Files</Filter>
    </ClInclude>
    <ClInclude Include="UI\Pendulum\PendulumChangeAccelerationDialog.h">
      <Filter>Header Files</Filter>
    </ClInclude>
    <ClInclude Include="UI\Pendulum\PendulumSideControl.h">
      <Filter>Header Files</Filter>
    </ClInclude>
    <ClInclude Include="UI\Playground\PlaygroundAddMultipleObjectsDialog.h">
      <Filter>Header Files</Filter>
    </ClInclude>
    <ClInclude Include="UI\Playground\PlaygroundSideControl.h">
      <Filter>Header Files</Filter>
    </ClInclude>
    <ClInclude Include="UI\Vector\VectorAddDialog.h">
      <Filter>Header Files</Filter>
    </ClInclude>
    <ClInclude Include="UI\Vector\VectorSideControl.h">
      <Filter>Header Files</Filter>
    </ClInclude>
    <ClInclude Include="UI\SimulationSideControl.h">
      <Filter>Header Files</Filter>
    </ClInclude>
    <ClInclude Include="UI\UIInclude.h">
      <Filter>Header Files</Filter>
    </ClInclude>
    <ClInclude Include="UI\WxIrrMenuBar.h">
      <Filter>Header Files</Filter>
    </ClInclude>
    <ClInclude Include="UI\WxIrrToolbars.h">
      <Filter>Header Files</Filter>
    </ClInclude>
    <ClInclude Include="Simulation\BasicMotionSimulation.h">
      <Filter>Header Files</Filter>
    </ClInclude>
    <ClInclude Include="Simulation\CenterOfMassSimulation.h">
      <Filter>Header Files</Filter>
    </ClInclude>
    <ClInclude Include="Simulation\CoulombLawSimulation.h">
      <Filter>Header Files</Filter>
    </ClInclude>
    <ClInclude Include="Simulation\GraphingSimulation.h">
      <Filter>Header Files</Filter>
    </ClInclude>
    <ClInclude Include="Simulation\GravitationSimulation.h">
      <Filter>Header Files</Filter>
    </ClInclude>
    <ClInclude Include="Simulation\LightSimulation.h">
      <Filter>Header Files</Filter>
    </ClInclude>
    <ClInclude Include="Simulation\PendulumSimulation.h">
      <Filter>Header Files</Filter>
    </ClInclude>
    <ClInclude Include="Simulation\PlaygroundSimulation.h">
      <Filter>Header Files</Filter>
    </ClInclude>
    <ClInclude Include="Simulation\Simulation.h">
      <Filter>Header Files</Filter>
    </ClInclude>
    <ClInclude Include="Simulation\SimulationInclude.h">
      <Filter>Header Files</Filter>
    </ClInclude>
    <ClInclude Include="Simulation\SpringSimulation.h">
      <Filter>Header Files</Filter>
    </ClInclude>
    <ClInclude Include="Simulation\VectorSimulation.h">
      <Filter>Header Files</Filter>
    </ClInclude>
    <ClInclude Include="General\CustomSceneNodeManager.h">
      <Filter>Header Files</Filter>
    </ClInclude>
    <ClInclude Include="General\GeneralClasses.h">
      <Filter>Header Files</Filter>
    </ClInclude>
    <ClInclude Include="General\GeneralFunctions.h">
      <Filter>Header Files</Filter>
    </ClInclude>
    <ClInclude Include="General\GridSceneNode.h">
      <Filter>Header Files</Filter>
    </ClInclude>
    <ClInclude Include="General\List.h">
      <Filter>Header Files</Filter>
    </ClInclude>
    <ClInclude Include="General\ThreeDArrow.h">
      <Filter>Header Files</Filter>
    </ClInclude>
    <ClInclude Include="General\ThreeDArrowList.h">
      <Filter>Header Files</Filter>
    </ClInclude>
    <ClInclude Include="General\ThreeDGraph.h">
      <Filter>Header Files</Filter>
    </ClInclude>
    <ClInclude Include="General\ThreeDPlane.h">
      <Filter>Header Files</Filter>
    </ClInclude>
    <ClInclude Include="GUI Enviornment\BasicDynamicObjectIrrlichtGUI.h">
      <Filter>Header Files</Filter>
    </ClInclude>
    <ClInclude Include="GUI Enviornment\PhysicsHelperGUIEnviornment.h">
      <Filter>Header Files</Filter>
    </ClInclude>
    <ClInclude Include="Math\MathExpression.h">
      <Filter>Header Files</Filter>
    </ClInclude>
    <ClInclude Include="Physics Engine\Constraints\Constraint.h">
      <Filter>Header Files</Filter>
    </ClInclude>
    <ClInclude Include="Physics Engine\Forces\Force.h">
      <Filter>Header Files</Filter>
    </ClInclude>
    <ClInclude Include="Physics Engine\Physics Object\PathDrawableObject.h">
      <Filter>Header Files</Filter>
    </ClInclude>
    <ClInclude Include="Physics Engine\Physics Object\PhysicsObject.h">
      <Filter>Header Files</Filter>
    </ClInclude>
    <ClInclude Include="Physics Engine\Springs\Spring.h">
      <Filter>Header Files</Filter>
    </ClInclude>
    <ClInclude Include="Physics Engine\Springs\SpringSceneNode.h">
      <Filter>Header Files</Filter>
    </ClInclude>
    <ClInclude Include="Physics Engine\IrrlichtToBulletConnector.h">
      <Filter>Header Files</Filter>
    </ClInclude>
    <ClInclude Include="Physics Engine\IrrlichtToBulletObjects.h">
      <Filter>Header Files</Filter>
    </ClInclude>
    <ClInclude Include="Physics Engine\PhysicsEngine.h">
      <Filter>Header Files</Filter>
    </ClInclude>
    <ClInclude Include="Physics Engine\PhysicsEngineDefinitions.h">
      <Filter>Header Files</Filter>
    </ClInclude>
    <ClInclude Include="Physics Engine\PhysicsEngineInclude.h">
      <Filter>Header Files</Filter>
    </ClInclude>
    <ClInclude Include="Physics Engine\RecordableEntity.h">
      <Filter>Header Files</Filter>
    </ClInclude>
    <ClInclude Include="Serialization\Serialization.h">
      <Filter>Header Files</Filter>
    </ClInclude>
    <ClInclude Include="Shaders\GraphingShader.h">
      <Filter>Header Files</Filter>
    </ClInclude>
    <ClInclude Include="GUI Enviornment\Fonts\CGUITTFont.h">
      <Filter>Header Files</Filter>
    </ClInclude>
    <ClInclude Include="GUI Enviornment\Fonts\irrUString.h">
      <Filter>Header Files</Filter>
    </ClInclude>
    <ClInclude Include="UI\UIController.h">
      <Filter>Header Files</Filter>
    </ClInclude>
  </ItemGroup>
  <ItemGroup>
    <ClCompile Include="IrrlichtInclude.cpp">
      <Filter>Source Files</Filter>
    </ClCompile>
    <ClCompile Include="main.cpp">
      <Filter>Source Files</Filter>
    </ClCompile>
    <ClCompile Include="WxIrrMainWindow.cpp">
      <Filter>Source Files</Filter>
    </ClCompile>
    <ClCompile Include="WxIrrViewport.cpp">
      <Filter>Source Files</Filter>
    </ClCompile>
    <ClCompile Include="UI\CenterOfMass\CenterOfMassAddDialog.cpp">
      <Filter>Source Files</Filter>
    </ClCompile>
    <ClCompile Include="UI\CenterOfMass\CenterOfMassSideControl.cpp">
      <Filter>Source Files</Filter>
    </ClCompile>
    <ClCompile Include="UI\ChartFrame\ChartFrame.cpp">
      <Filter>Source Files</Filter>
    </ClCompile>
    <ClCompile Include="UI\Coulomb\CoulombAddDialog.cpp">
      <Filter>Source Files</Filter>
    </ClCompile>
    <ClCompile Include="UI\Coulomb\CoulombSideControl.cpp">
      <Filter>Source Files</Filter>
    </ClCompile>
    <ClCompile Include="UI\Graphing\GraphingPanel.cpp">
      <Filter>Source Files</Filter>
    </ClCompile>
    <ClCompile Include="UI\Gravitation\GravitationAddDialog.cpp">
      <Filter>Source Files</Filter>
    </ClCompile>
    <ClCompile Include="UI\Gravitation\GravitationSideControl.cpp">
      <Filter>Source Files</Filter>
    </ClCompile>
    <ClCompile Include="UI\Pendulum\PendulumAddDialog.cpp">
      <Filter>Source Files</Filter>
    </ClCompile>
    <ClCompile Include="UI\Pendulum\PendulumChangeAccelerationDialog.cpp">
      <Filter>Source Files</Filter>
    </ClCompile>
    <ClCompile Include="UI\Pendulum\PendulumSideControl.cpp">
      <Filter>Source Files</Filter>
    </ClCompile>
    <ClCompile Include="UI\Playground\PlaygroundAddMultipleObjectsDialog.cpp">
      <Filter>Source Files</Filter>
    </ClCompile>
    <ClCompile Include="UI\Playground\PlaygroundSideControl.cpp">
      <Filter>Source Files</Filter>
    </ClCompile>
    <ClCompile Include="UI\Vector\VectorAddDialog.cpp">
      <Filter>Source Files</Filter>
    </ClCompile>
    <ClCompile Include="UI\Vector\VectorSideControl.cpp">
      <Filter>Source Files</Filter>
    </ClCompile>
    <ClCompile Include="UI\SimulationSideControl.cpp">
      <Filter>Source Files</Filter>
    </ClCompile>
    <ClCompile Include="Simulation\BasicMotionSimulation.cpp">
      <Filter>Source Files</Filter>
    </ClCompile>
    <ClCompile Include="Simulation\CenterOfMassSimulation.cpp">
      <Filter>Source Files</Filter>
    </ClCompile>
    <ClCompile Include="Simulation\CoulombLawSimulation.cpp">
      <Filter>Source Files</Filter>
    </ClCompile>
    <ClCompile Include="Simulation\GraphingSimulation.cpp">
      <Filter>Source Files</Filter>
    </ClCompile>
    <ClCompile Include="Simulation\GravitationSimulation.cpp">
      <Filter>Source Files</Filter>
    </ClCompile>
    <ClCompile Include="Simulation\LightSimulation.cpp">
      <Filter>Source Files</Filter>
    </ClCompile>
    <ClCompile Include="Simulation\PendulumSimulation.cpp">
      <Filter>Source Files</Filter>
    </ClCompile>
    <ClCompile Include="Simulation\PlaygroundSimulation.cpp">
      <Filter>Source Files</Filter>
    </ClCompile>
    <ClCompile Include="Simulation\Simulation.cpp">
      <Filter>Source Files</Filter>
    </ClCompile>
    <ClCompile Include="Simulation\SpringSimulation.cpp">
      <Filter>Source Files</Filter>
    </ClCompile>
    <ClCompile Include="Simulation\VectorSimulation.cpp">
      <Filter>Source Files</Filter>
    </ClCompile>
    <ClCompile Include="General\CustomSceneNodeManager.cpp">
      <Filter>Source Files</Filter>
    </ClCompile>
    <ClCompile Include="General\GridSceneNode.cpp">
      <Filter>Source Files</Filter>
    </ClCompile>
    <ClCompile Include="General\ThreeDArrow.cpp">
      <Filter>Source Files</Filter>
    </ClCompile>
    <ClCompile Include="General\ThreeDArrowList.cpp">
      <Filter>Source Files</Filter>
    </ClCompile>
    <ClCompile Include="General\ThreeDGraph.cpp">
      <Filter>Source Files</Filter>
    </ClCompile>
    <ClCompile Include="General\ThreeDPlane.cpp">
      <Filter>Source Files</Filter>
    </ClCompile>
    <ClCompile Include="GUI Enviornment\BasicDynamicObjectIrrlichtGUI.cpp">
      <Filter>Source Files</Filter>
    </ClCompile>
    <ClCompile Include="GUI Enviornment\PhysicsHelperGUIEnviornment.cpp">
      <Filter>Source Files</Filter>
    </ClCompile>
    <ClCompile Include="Math\MathExpression.cpp">
      <Filter>Source Files</Filter>
    </ClCompile>
    <ClCompile Include="Physics Engine\Constraints\Constraint.cpp">
      <Filter>Source Files</Filter>
    </ClCompile>
    <ClCompile Include="Physics Engine\Physics Object\PathDrawableObject.cpp">
      <Filter>Source Files</Filter>
    </ClCompile>
    <ClCompile Include="Physics Engine\Physics Object\PhysicsObject.cpp">
      <Filter>Source Files</Filter>
    </ClCompile>
    <ClCompile Include="Physics Engine\Springs\Spring.cpp">
      <Filter>Source Files</Filter>
    </ClCompile>
    <ClCompile Include="Physics Engine\Springs\SpringSceneNode.cpp">
      <Filter>Source Files</Filter>
    </ClCompile>
    <ClCompile Include="Physics Engine\IrrlichtToBulletConnector.cpp">
      <Filter>Source Files</Filter>
    </ClCompile>
    <ClCompile Include="Physics Engine\IrrlichtToBulletObjects.cpp">
      <Filter>Source Files</Filter>
    </ClCompile>
    <ClCompile Include="Physics Engine\PhysicsEngine.cpp">
      <Filter>Source Files</Filter>
    </ClCompile>
    <ClCompile Include="Physics Engine\RecordableEntity.cpp">
      <Filter>Source Files</Filter>
    </ClCompile>
    <ClCompile Include="Serialization\Serialization.cpp">
      <Filter>Source Files</Filter>
    </ClCompile>
    <ClCompile Include="Shaders\GraphingShader.cpp">
      <Filter>Source Files</Filter>
    </ClCompile>
    <ClCompile Include="UI\WxIrrMenuBar.cpp">
      <Filter>Source Files</Filter>
    </ClCompile>
    <ClCompile Include="GUI Enviornment\Fonts\CGUITTFont.cpp">
      <Filter>Source Files</Filter>
    </ClCompile>
    <ClCompile Include="UI\WxIrrToolbars.cpp">
      <Filter>Source Files</Filter>
    </ClCompile>
    <ClCompile Include="UI\UIController.cpp">
      <Filter>Source Files</Filter>
    </ClCompile>
  </ItemGroup>
</Project>